<?xml version="1.0" encoding="utf-8"?>
<Project ToolsVersion="4.0" xmlns="http://schemas.microsoft.com/developer/msbuild/2003">
  <ItemGroup>
    <Filter Include="ソース ファイル">
      <UniqueIdentifier>{4FC737F1-C7A5-4376-A066-2A32D752A2FF}</UniqueIdentifier>
      <Extensions>cpp;c;cc;cxx;c++;cppm;ixx;def;odl;idl;hpj;bat;asm;asmx</Extensions>
    </Filter>
    <Filter Include="ヘッダー ファイル">
      <UniqueIdentifier>{93995380-89BD-4b04-88EB-625FBE52EBFB}</UniqueIdentifier>
      <Extensions>h;hh;hpp;hxx;h++;hm;inl;inc;ipp;xsd</Extensions>
    </Filter>
    <Filter Include="リソース ファイル">
      <UniqueIdentifier>{67DA6AB6-F800-4c08-8B7A-83BB121AAD01}</UniqueIdentifier>
      <Extensions>rc;ico;cur;bmp;dlg;rc2;rct;bin;rgs;gif;jpg;jpeg;jpe;resx;tiff;tif;png;wav;mfcribbon-ms</Extensions>
    </Filter>
    <Filter Include="targets">
      <UniqueIdentifier>{67f1da46-aab0-488f-8893-8cb080cad74c}</UniqueIdentifier>
    </Filter>
  </ItemGroup>
  <ItemGroup>
    <ClCompile Include="chronicle_test.cpp">
      <Filter>ソース ファイル</Filter>
    </ClCompile>
    <ClCompile Include="pch.cpp">
      <Filter>ソース ファイル</Filter>
    </ClCompile>
    <ClCompile Include="..\chronicle\history.cpp">
      <Filter>targets</Filter>
    </ClCompile>
    <ClCompile Include="..\chronicle\process.cpp">
      <Filter>targets</Filter>
    </ClCompile>
    <ClCompile Include="..\chronicle\stringutil.cpp">
      <Filter>targets</Filter>
    </ClCompile>
    <ClCompile Include="..\chronicle\internalcommand.cpp">
      <Filter>targets</Filter>
    </ClCompile>
    <ClCompile Include="..\chronicle\command.cpp">
      <Filter>targets</Filter>
    </ClCompile>
    <ClCompile Include="..\chronicle\tokenize.cpp">
      <Filter>targets</Filter>
    </ClCompile>
    <ClCompile Include="..\chronicle\parser.cpp">
      <Filter>targets</Filter>
    </ClCompile>
  </ItemGroup>
  <ItemGroup>
    <ClInclude Include="pch.h">
      <Filter>ヘッダー ファイル</Filter>
    </ClInclude>
    <ClInclude Include="..\chronicle\history.h">
      <Filter>targets</Filter>
    </ClInclude>
    <ClInclude Include="..\chronicle\node.h">
      <Filter>targets</Filter>
    </ClInclude>
    <ClInclude Include="..\chronicle\tokenize.h">
      <Filter>targets</Filter>
    </ClInclude>
  </ItemGroup>
  <ItemGroup>
    <None Include="test.bat">
      <Filter>ソース ファイル</Filter>
    </None>
  </ItemGroup>
</Project>